
Microsoft Visual Studio Solution File, Format Version 12.00
# Visual Studio Version 16
VisualStudioVersion = 16.0.30503.244
MinimumVisualStudioVersion = 10.0.40219.1
Project("{F184B08F-C81C-45F6-A57F-5ABD9991F28F}") = "AtariRegisterLabeler", "AtariRegisterLabeler.vbproj", "{DF3B29A6-E274-4624-BCB2-DBECB5FF27C2}"
EndProject
Global
	GlobalSection(SolutionConfigurationPlatforms) = preSolution
		Debug|x86 = Debug|x86
		Release|x86 = Release|x86
	EndGlobalSection
	GlobalSection(ProjectConfigurationPlatforms) = postSolution
		{DF3B29A6-E274-4624-BCB2-DBECB5FF27C2}.Debug|x86.ActiveCfg = Debug|x86
		{DF3B29A6-E274-4624-BCB2-DBECB5FF27C2}.Debug|x86.Build.0 = Debug|x86
		{DF3B29A6-E274-4624-BCB2-DBECB5FF27C2}.Release|x86.ActiveCfg = Release|x86
		{DF3B29A6-E274-4624-BCB2-DBECB5FF27C2}.Release|x86.Build.0 = Release|x86
	EndGlobalSection
	GlobalSection(SolutionProperties) = preSolution
		HideSolutionNode = FALSE
	EndGlobalSection
	GlobalSection(ExtensibilityGlobals) = postSolution
		SolutionGuid = {999B6A64-2BC1-48AC-B500-97DCAAFF6E93}
	EndGlobalSection
EndGlobal
